Microsoft Visual Studio Solution File, Format Version 11.00
# Visual Studio 2010
Project("{F184B08F-C81C-45F6-A57F-5ABD9991F28F}") = "WpfApplication3", "WpfApplication3.vbproj", "{39660C00-9760-4646-88E0-BBB6E95161CA}"
EndProject
Global
	GlobalSection(SolutionConfigurationPlatforms) = preSolution
		Debug|Any CPU = Debug|Any CPU
		Debug|Mixed Platforms = Debug|Mixed Platforms
		Debug|x86 = Debug|x86
		DebugNoThemeSync|Any CPU = DebugNoThemeSync|Any CPU
		DebugNoThemeSync|Mixed Platforms = DebugNoThemeSync|Mixed Platforms
		DebugNoThemeSync|x86 = DebugNoThemeSync|x86
		DebugTest_NewThemeManager|Any CPU = DebugTest_NewThemeManager|Any CPU
		DebugTest_NewThemeManager|Mixed Platforms = DebugTest_NewThemeManager|Mixed Platforms
		DebugTest_NewThemeManager|x86 = DebugTest_NewThemeManager|x86
		DebugTest|Any CPU = DebugTest|Any CPU
		DebugTest|Mixed Platforms = DebugTest|Mixed Platforms
		DebugTest|x86 = DebugTest|x86
		Release|Any CPU = Release|Any CPU
		Release|Mixed Platforms = Release|Mixed Platforms
		Release|x86 = Release|x86
	EndGlobalSection
	GlobalSection(ProjectConfigurationPlatforms) = postSolution
		{39660C00-9760-4646-88E0-BBB6E95161CA}.Debug|Any CPU.ActiveCfg = Debug|x86
		{39660C00-9760-4646-88E0-BBB6E95161CA}.Debug|Mixed Platforms.ActiveCfg = Debug|x86
		{39660C00-9760-4646-88E0-BBB6E95161CA}.Debug|Mixed Platforms.Build.0 = Debug|x86
		{39660C00-9760-4646-88E0-BBB6E95161CA}.Debug|x86.ActiveCfg = Debug|x86
		{39660C00-9760-4646-88E0-BBB6E95161CA}.Debug|x86.Build.0 = Debug|x86
		{39660C00-9760-4646-88E0-BBB6E95161CA}.DebugNoThemeSync|Any CPU.ActiveCfg = Debug|x86
		{39660C00-9760-4646-88E0-BBB6E95161CA}.DebugNoThemeSync|Mixed Platforms.ActiveCfg = Debug|x86
		{39660C00-9760-4646-88E0-BBB6E95161CA}.DebugNoThemeSync|Mixed Platforms.Build.0 = Debug|x86
		{39660C00-9760-4646-88E0-BBB6E95161CA}.DebugNoThemeSync|x86.ActiveCfg = Debug|x86
		{39660C00-9760-4646-88E0-BBB6E95161CA}.DebugNoThemeSync|x86.Build.0 = Debug|x86
		{39660C00-9760-4646-88E0-BBB6E95161CA}.DebugTest_NewThemeManager|Any CPU.ActiveCfg = Debug|x86
		{39660C00-9760-4646-88E0-BBB6E95161CA}.DebugTest_NewThemeManager|Mixed Platforms.ActiveCfg = Debug|x86
		{39660C00-9760-4646-88E0-BBB6E95161CA}.DebugTest_NewThemeManager|Mixed Platforms.Build.0 = Debug|x86
		{39660C00-9760-4646-88E0-BBB6E95161CA}.DebugTest_NewThemeManager|x86.ActiveCfg = Debug|x86
		{39660C00-9760-4646-88E0-BBB6E95161CA}.DebugTest_NewThemeManager|x86.Build.0 = Debug|x86
		{39660C00-9760-4646-88E0-BBB6E95161CA}.DebugTest|Any CPU.ActiveCfg = Debug|x86
		{39660C00-9760-4646-88E0-BBB6E95161CA}.DebugTest|Mixed Platforms.ActiveCfg = Debug|x86
		{39660C00-9760-4646-88E0-BBB6E95161CA}.DebugTest|Mixed Platforms.Build.0 = Debug|x86
		{39660C00-9760-4646-88E0-BBB6E95161CA}.DebugTest|x86.ActiveCfg = Debug|x86
		{39660C00-9760-4646-88E0-BBB6E95161CA}.DebugTest|x86.Build.0 = Debug|x86
		{39660C00-9760-4646-88E0-BBB6E95161CA}.Release|Any CPU.ActiveCfg = Release|x86
		{39660C00-9760-4646-88E0-BBB6E95161CA}.Release|Mixed Platforms.ActiveCfg = Release|x86
		{39660C00-9760-4646-88E0-BBB6E95161CA}.Release|Mixed Platforms.Build.0 = Release|x86
		{39660C00-9760-4646-88E0-BBB6E95161CA}.Release|x86.ActiveCfg = Release|x86
		{39660C00-9760-4646-88E0-BBB6E95161CA}.Release|x86.Build.0 = Release|x86
	EndGlobalSection
	GlobalSection(SolutionProperties) = preSolution
		HideSolutionNode = FALSE
	EndGlobalSection
EndGlobal
